---
lockfileVersion: 1
lockfileVendor: redhat
arches:
- arch: aarch64
  packages:
  - url: https://cdn-ubi.redhat.com/content/public/ubi/dist/ubi9/9/aarch64/appstream/os/Packages/o/oniguruma-6.9.6-1.el9.5.aarch64.rpm
    repoid: ubi-9-for-aarch64-appstream-rpms
    size: 222582
    checksum: sha256:bc2305dad655ddb94f966158112efd6cefa6824d5aa2e80f63881f16cee74598
    name: oniguruma
    evr: 6.9.6-1.el9.5
    sourcerpm: oniguruma-6.9.6-1.el9.5.src.rpm
  - url: https://cdn-ubi.redhat.com/content/public/ubi/dist/ubi9/9/aarch64/appstream/os/Packages/p/python3-pip-21.3.1-1.el9.noarch.rpm
    repoid: ubi-9-for-aarch64-appstream-rpms
    size: 2133958
    checksum: sha256:2ff41d5bbfb5bf09378a499b56d9854e9389e3a8648897426d144f4b385f8730
    name: python3-pip
    evr: 21.3.1-1.el9
    sourcerpm: python-pip-21.3.1-1.el9.src.rpm
  - url: https://cdn-ubi.redhat.com/content/public/ubi/dist/ubi9/9/aarch64/baseos/os/Packages/j/jq-1.6-19.el9.aarch64.rpm
    repoid: ubi-9-for-aarch64-baseos-rpms
    size: 185334
    checksum: sha256:a70a2f81df88595008fb897ee875af42150e11d1420b6e4989d40628816d4731
    name: jq
    evr: 1.6-19.el9
    sourcerpm: jq-1.6-19.el9.src.rpm
  - url: https://cdn-ubi.redhat.com/content/public/ubi/dist/ubi9/9/aarch64/baseos/os/Packages/m/make-4.3-8.el9.aarch64.rpm
    repoid: ubi-9-for-aarch64-baseos-rpms
    size: 550249
    checksum: sha256:351a22b0e6744bd329b1b0f22d9c3b69a6da970b575e6c76190cc84b0fe77450
    name: make
    evr: 1:4.3-8.el9
    sourcerpm: make-4.3-8.el9.src.rpm
  source:
  - url: https://cdn-ubi.redhat.com/content/public/ubi/dist/ubi9/9/aarch64/appstream/source/SRPMS/Packages/o/oniguruma-6.9.6-1.el9.5.src.rpm
    repoid: ubi-9-for-aarch64-appstream-source-rpms
    size: 934541
    checksum: sha256:cba17754ccaffd886995aec7f152aadbc5d9932a2a2cdf1d983291c7b2838404
    name: oniguruma
    evr: 6.9.6-1.el9.5
  - url: https://cdn-ubi.redhat.com/content/public/ubi/dist/ubi9/9/aarch64/baseos/source/SRPMS/Packages/j/jq-1.6-19.el9.src.rpm
    repoid: ubi-9-for-aarch64-baseos-source-rpms
    size: 1505339
    checksum: sha256:a36173a7f5461f8cc1b6aa9e62f3e0435d6fde658a8795c909fd62cb5bfc9565
    name: jq
    evr: 1.6-19.el9
  - url: https://cdn-ubi.redhat.com/content/public/ubi/dist/ubi9/9/aarch64/baseos/source/SRPMS/Packages/m/make-4.3-8.el9.src.rpm
    repoid: ubi-9-for-aarch64-baseos-source-rpms
    size: 2335546
    checksum: sha256:a5cc45d6c158b255cda528c496dbb8bc7783acb9898b97a39a1811230e102d7c
    name: make
    evr: 1:4.3-8.el9
  - url: https://cdn-ubi.redhat.com/content/public/ubi/dist/ubi9/9/aarch64/baseos/source/SRPMS/Packages/p/python-pip-21.3.1-1.el9.src.rpm
    repoid: ubi-9-for-aarch64-baseos-source-rpms
    size: 8984717
    checksum: sha256:cb9e0cca3bd8dc24798cf1fb333d574774ce8288598331d44994d768f33648d3
    name: python-pip
    evr: 21.3.1-1.el9
  module_metadata: []
- arch: x86_64
  packages:
  - url: https://cdn-ubi.redhat.com/content/public/ubi/dist/ubi9/9/x86_64/appstream/os/Packages/l/libxcrypt-compat-4.4.18-3.el9.x86_64.rpm
    repoid: ubi-9-for-x86_64-appstream-rpms
    size: 93189
    checksum: sha256:2bd6c288e1970a001d3a1ae69166c0d926d9c87ce892edcb2110f4e142c12a7a
    name: libxcrypt-compat
    evr: 4.4.18-3.el9
    sourcerpm: libxcrypt-4.4.18-3.el9.src.rpm
  - url: https://cdn-ubi.redhat.com/content/public/ubi/dist/ubi9/9/x86_64/appstream/os/Packages/o/oniguruma-6.9.6-1.el9.5.x86_64.rpm
    repoid: ubi-9-for-x86_64-appstream-rpms
    size: 226331
    checksum: sha256:6c884cc2216e5b4699ebd8cde27b39e99532520b367f645ed6cc660d081916dc
    name: oniguruma
    evr: 6.9.6-1.el9.5
    sourcerpm: oniguruma-6.9.6-1.el9.5.src.rpm
  - url: https://cdn-ubi.redhat.com/content/public/ubi/dist/ubi9/9/x86_64/appstream/os/Packages/p/python3-pip-21.3.1-1.el9.noarch.rpm
    repoid: ubi-9-for-x86_64-appstream-rpms
    size: 2133958
    checksum: sha256:2ff41d5bbfb5bf09378a499b56d9854e9389e3a8648897426d144f4b385f8730
    name: python3-pip
    evr: 21.3.1-1.el9
    sourcerpm: python-pip-21.3.1-1.el9.src.rpm
  - url: https://cdn-ubi.redhat.com/content/public/ubi/dist/ubi9/9/x86_64/baseos/os/Packages/j/jq-1.6-19.el9.x86_64.rpm
    repoid: ubi-9-for-x86_64-baseos-rpms
    size: 191662
    checksum: sha256:6b4d82714813d7b4a3200bf2856a3c1493d186e9caa916d7a700ec25e4996462
    name: jq
    evr: 1.6-19.el9
    sourcerpm: jq-1.6-19.el9.src.rpm
  - url: https://cdn-ubi.redhat.com/content/public/ubi/dist/ubi9/9/x86_64/baseos/os/Packages/m/make-4.3-8.el9.x86_64.rpm
    repoid: ubi-9-for-x86_64-baseos-rpms
    size: 553896
    checksum: sha256:561f0c2251e9217c81a6c88de4d2d9231a039aaab37e8a0d2559d36ce9fa85fd
    name: make
    evr: 1:4.3-8.el9
    sourcerpm: make-4.3-8.el9.src.rpm
  source:
  - url: https://cdn-ubi.redhat.com/content/public/ubi/dist/ubi9/9/x86_64/appstream/source/SRPMS/Packages/o/oniguruma-6.9.6-1.el9.5.src.rpm
    repoid: ubi-9-for-x86_64-appstream-source-rpms
    size: 934541
    checksum: sha256:cba17754ccaffd886995aec7f152aadbc5d9932a2a2cdf1d983291c7b2838404
    name: oniguruma
    evr: 6.9.6-1.el9.5
  - url: https://cdn-ubi.redhat.com/content/public/ubi/dist/ubi9/9/x86_64/baseos/source/SRPMS/Packages/j/jq-1.6-19.el9.src.rpm
    repoid: ubi-9-for-x86_64-baseos-source-rpms
    size: 1505339
    checksum: sha256:a36173a7f5461f8cc1b6aa9e62f3e0435d6fde658a8795c909fd62cb5bfc9565
    name: jq
    evr: 1.6-19.el9
  - url: https://cdn-ubi.redhat.com/content/public/ubi/dist/ubi9/9/x86_64/baseos/source/SRPMS/Packages/l/libxcrypt-4.4.18-3.el9.src.rpm
    repoid: ubi-9-for-x86_64-baseos-source-rpms
    size: 543970
    checksum: sha256:d18f72eb41ecd0370e2e47f1dc5774be54e9ff3b4dd333578017666c7c488f40
    name: libxcrypt
    evr: 4.4.18-3.el9
  - url: https://cdn-ubi.redhat.com/content/public/ubi/dist/ubi9/9/x86_64/baseos/source/SRPMS/Packages/m/make-4.3-8.el9.src.rpm
    repoid: ubi-9-for-x86_64-baseos-source-rpms
    size: 2335546
    checksum: sha256:a5cc45d6c158b255cda528c496dbb8bc7783acb9898b97a39a1811230e102d7c
    name: make
    evr: 1:4.3-8.el9
  - url: https://cdn-ubi.redhat.com/content/public/ubi/dist/ubi9/9/x86_64/baseos/source/SRPMS/Packages/p/python-pip-21.3.1-1.el9.src.rpm
    repoid: ubi-9-for-x86_64-baseos-source-rpms
    size: 8984717
    checksum: sha256:cb9e0cca3bd8dc24798cf1fb333d574774ce8288598331d44994d768f33648d3
    name: python-pip
    evr: 21.3.1-1.el9
  module_metadata: []
