---
lockfileVersion: 1
lockfileVendor: redhat
arches:
- arch: aarch64
  packages:
  - url: https://cdn-ubi.redhat.com/content/public/ubi/dist/ubi9/9/aarch64/baseos/os/Packages/m/make-4.3-8.el9.aarch64.rpm
    repoid: ubi-9-for-aarch64-baseos-rpms
    size: 550249
    checksum: sha256:351a22b0e6744bd329b1b0f22d9c3b69a6da970b575e6c76190cc84b0fe77450
    name: make
    evr: 1:4.3-8.el9
    sourcerpm: make-4.3-8.el9.src.rpm
  source:
  - url: https://cdn-ubi.redhat.com/content/public/ubi/dist/ubi9/9/aarch64/baseos/source/SRPMS/Packages/m/make-4.3-8.el9.src.rpm
    repoid: ubi-9-for-aarch64-baseos-source-rpms
    size: 2335546
    checksum: sha256:a5cc45d6c158b255cda528c496dbb8bc7783acb9898b97a39a1811230e102d7c
    name: make
    evr: 1:4.3-8.el9
  module_metadata: []
- arch: ppc64le
  packages:
  - url: https://cdn-ubi.redhat.com/content/public/ubi/dist/ubi9/9/ppc64le/baseos/os/Packages/m/make-4.3-8.el9.ppc64le.rpm
    repoid: ubi-9-for-ppc64le-baseos-rpms
    size: 567121
    checksum: sha256:6c3f559c10b0bfdeb892314c26622f06999b202f57d881444cc4361ec7dad88c
    name: make
    evr: 1:4.3-8.el9
    sourcerpm: make-4.3-8.el9.src.rpm
  source:
  - url: https://cdn-ubi.redhat.com/content/public/ubi/dist/ubi9/9/ppc64le/baseos/source/SRPMS/Packages/m/make-4.3-8.el9.src.rpm
    repoid: ubi-9-for-ppc64le-baseos-source-rpms
    size: 2335546
    checksum: sha256:a5cc45d6c158b255cda528c496dbb8bc7783acb9898b97a39a1811230e102d7c
    name: make
    evr: 1:4.3-8.el9
  module_metadata: []
- arch: x86_64
  packages:
  - url: https://cdn-ubi.redhat.com/content/public/ubi/dist/ubi9/9/x86_64/baseos/os/Packages/m/make-4.3-8.el9.x86_64.rpm
    repoid: ubi-9-for-x86_64-baseos-rpms
    size: 553896
    checksum: sha256:561f0c2251e9217c81a6c88de4d2d9231a039aaab37e8a0d2559d36ce9fa85fd
    name: make
    evr: 1:4.3-8.el9
    sourcerpm: make-4.3-8.el9.src.rpm
  source:
  - url: https://cdn-ubi.redhat.com/content/public/ubi/dist/ubi9/9/x86_64/baseos/source/SRPMS/Packages/m/make-4.3-8.el9.src.rpm
    repoid: ubi-9-for-x86_64-baseos-source-rpms
    size: 2335546
    checksum: sha256:a5cc45d6c158b255cda528c496dbb8bc7783acb9898b97a39a1811230e102d7c
    name: make
    evr: 1:4.3-8.el9
  module_metadata: []
