---
lockfileVersion: 1
lockfileVendor: redhat
arches:
- arch: aarch64
  packages:
  - url: https://cdn-ubi.redhat.com/content/public/ubi/dist/ubi9/9/aarch64/appstream/os/Packages/o/oniguruma-6.9.6-1.el9.5.aarch64.rpm
    repoid: ubi-9-appstream-rpms
    size: 222582
    checksum: sha256:bc2305dad655ddb94f966158112efd6cefa6824d5aa2e80f63881f16cee74598
    name: oniguruma
    evr: 6.9.6-1.el9.5
    sourcerpm: oniguruma-6.9.6-1.el9.5.src.rpm
  - url: https://cdn-ubi.redhat.com/content/public/ubi/dist/ubi9/9/aarch64/appstream/os/Packages/p/python3-pip-21.3.1-1.el9.noarch.rpm
    repoid: ubi-9-appstream-rpms
    size: 2133958
    checksum: sha256:2ff41d5bbfb5bf09378a499b56d9854e9389e3a8648897426d144f4b385f8730
    name: python3-pip
    evr: 21.3.1-1.el9
    sourcerpm: python-pip-21.3.1-1.el9.src.rpm
  - url: https://cdn-ubi.redhat.com/content/public/ubi/dist/ubi9/9/aarch64/appstream/os/Packages/w/wget-1.21.1-8.el9_4.aarch64.rpm
    repoid: ubi-9-appstream-rpms
    size: 801881
    checksum: sha256:8d5014131be00c09deac0494ffe8ffd1e206d280aaabb7db98a7d043acda4aca
    name: wget
    evr: 1.21.1-8.el9_4
    sourcerpm: wget-1.21.1-8.el9_4.src.rpm
  - url: https://cdn-ubi.redhat.com/content/public/ubi/dist/ubi9/9/aarch64/baseos/os/Packages/j/jq-1.6-19.el9.aarch64.rpm
    repoid: ubi-9-baseos-rpms
    size: 185334
    checksum: sha256:a70a2f81df88595008fb897ee875af42150e11d1420b6e4989d40628816d4731
    name: jq
    evr: 1.6-19.el9
    sourcerpm: jq-1.6-19.el9.src.rpm
  - url: https://cdn-ubi.redhat.com/content/public/ubi/dist/ubi9/9/aarch64/baseos/os/Packages/l/libpsl-0.21.1-5.el9.aarch64.rpm
    repoid: ubi-9-baseos-rpms
    size: 67300
    checksum: sha256:08968334789ba764986d3beb4745de28eb1e2ed401a03dba9d80e75e3179aa76
    name: libpsl
    evr: 0.21.1-5.el9
    sourcerpm: libpsl-0.21.1-5.el9.src.rpm
  - url: https://cdn-ubi.redhat.com/content/public/ubi/dist/ubi9/9/aarch64/baseos/os/Packages/m/make-4.3-8.el9.aarch64.rpm
    repoid: ubi-9-baseos-rpms
    size: 550249
    checksum: sha256:351a22b0e6744bd329b1b0f22d9c3b69a6da970b575e6c76190cc84b0fe77450
    name: make
    evr: 1:4.3-8.el9
    sourcerpm: make-4.3-8.el9.src.rpm
  - url: https://cdn-ubi.redhat.com/content/public/ubi/dist/ubi9/9/aarch64/baseos/os/Packages/p/publicsuffix-list-dafsa-20210518-3.el9.noarch.rpm
    repoid: ubi-9-baseos-rpms
    size: 60882
    checksum: sha256:e6ec3390a736b085f403168c512a6b2b6f8e12a8fd5a4459f1c7dbbff2b67c33
    name: publicsuffix-list-dafsa
    evr: 20210518-3.el9
    sourcerpm: publicsuffix-list-20210518-3.el9.src.rpm
  source: []
  module_metadata: []
- arch: ppc64le
  packages:
  - url: https://cdn-ubi.redhat.com/content/public/ubi/dist/ubi9/9/ppc64le/appstream/os/Packages/o/oniguruma-6.9.6-1.el9.5.ppc64le.rpm
    repoid: ubi-9-appstream-rpms
    size: 246370
    checksum: sha256:0b700ed36523819c0dd5066cf5835c7ffb3691dbc13657e3f49acc71635fd6a6
    name: oniguruma
    evr: 6.9.6-1.el9.5
    sourcerpm: oniguruma-6.9.6-1.el9.5.src.rpm
  - url: https://cdn-ubi.redhat.com/content/public/ubi/dist/ubi9/9/ppc64le/appstream/os/Packages/p/python3-pip-21.3.1-1.el9.noarch.rpm
    repoid: ubi-9-appstream-rpms
    size: 2133958
    checksum: sha256:2ff41d5bbfb5bf09378a499b56d9854e9389e3a8648897426d144f4b385f8730
    name: python3-pip
    evr: 21.3.1-1.el9
    sourcerpm: python-pip-21.3.1-1.el9.src.rpm
  - url: https://cdn-ubi.redhat.com/content/public/ubi/dist/ubi9/9/ppc64le/appstream/os/Packages/w/wget-1.21.1-8.el9_4.ppc64le.rpm
    repoid: ubi-9-appstream-rpms
    size: 833435
    checksum: sha256:f7b6d4ad741d4123fbb300693dca388a8eb4b7beaec37b064b72467fd894b2df
    name: wget
    evr: 1.21.1-8.el9_4
    sourcerpm: wget-1.21.1-8.el9_4.src.rpm
  - url: https://cdn-ubi.redhat.com/content/public/ubi/dist/ubi9/9/ppc64le/baseos/os/Packages/j/jq-1.6-19.el9.ppc64le.rpm
    repoid: ubi-9-baseos-rpms
    size: 204601
    checksum: sha256:c38289578cc683b9416a895745218ab23eea5b537d26710f0b63117a1bc012d6
    name: jq
    evr: 1.6-19.el9
    sourcerpm: jq-1.6-19.el9.src.rpm
  - url: https://cdn-ubi.redhat.com/content/public/ubi/dist/ubi9/9/ppc64le/baseos/os/Packages/l/libpsl-0.21.1-5.el9.ppc64le.rpm
    repoid: ubi-9-baseos-rpms
    size: 69346
    checksum: sha256:dfdaff3aa507721d913aae308caa7b672a952e1d21485958daa749b2d1793fc3
    name: libpsl
    evr: 0.21.1-5.el9
    sourcerpm: libpsl-0.21.1-5.el9.src.rpm
  - url: https://cdn-ubi.redhat.com/content/public/ubi/dist/ubi9/9/ppc64le/baseos/os/Packages/m/make-4.3-8.el9.ppc64le.rpm
    repoid: ubi-9-baseos-rpms
    size: 567121
    checksum: sha256:6c3f559c10b0bfdeb892314c26622f06999b202f57d881444cc4361ec7dad88c
    name: make
    evr: 1:4.3-8.el9
    sourcerpm: make-4.3-8.el9.src.rpm
  - url: https://cdn-ubi.redhat.com/content/public/ubi/dist/ubi9/9/ppc64le/baseos/os/Packages/p/publicsuffix-list-dafsa-20210518-3.el9.noarch.rpm
    repoid: ubi-9-baseos-rpms
    size: 60882
    checksum: sha256:e6ec3390a736b085f403168c512a6b2b6f8e12a8fd5a4459f1c7dbbff2b67c33
    name: publicsuffix-list-dafsa
    evr: 20210518-3.el9
    sourcerpm: publicsuffix-list-20210518-3.el9.src.rpm
  source: []
  module_metadata: []
- arch: s390x
  packages:
  - url: https://cdn-ubi.redhat.com/content/public/ubi/dist/ubi9/9/s390x/appstream/os/Packages/o/oniguruma-6.9.6-1.el9.5.s390x.rpm
    repoid: ubi-9-appstream-rpms
    size: 225810
    checksum: sha256:02fab0b52c89158bd45ccc575ccc9186f196fc514eccd66ebfc72c6b0a08849f
    name: oniguruma
    evr: 6.9.6-1.el9.5
    sourcerpm: oniguruma-6.9.6-1.el9.5.src.rpm
  - url: https://cdn-ubi.redhat.com/content/public/ubi/dist/ubi9/9/s390x/appstream/os/Packages/p/python3-pip-21.3.1-1.el9.noarch.rpm
    repoid: ubi-9-appstream-rpms
    size: 2133958
    checksum: sha256:2ff41d5bbfb5bf09378a499b56d9854e9389e3a8648897426d144f4b385f8730
    name: python3-pip
    evr: 21.3.1-1.el9
    sourcerpm: python-pip-21.3.1-1.el9.src.rpm
  - url: https://cdn-ubi.redhat.com/content/public/ubi/dist/ubi9/9/s390x/appstream/os/Packages/w/wget-1.21.1-8.el9_4.s390x.rpm
    repoid: ubi-9-appstream-rpms
    size: 807650
    checksum: sha256:f090cdaec129f94d50e70a4c4535074b549428a29469b8e3898f4f733b036255
    name: wget
    evr: 1.21.1-8.el9_4
    sourcerpm: wget-1.21.1-8.el9_4.src.rpm
  - url: https://cdn-ubi.redhat.com/content/public/ubi/dist/ubi9/9/s390x/baseos/os/Packages/j/jq-1.6-19.el9.s390x.rpm
    repoid: ubi-9-baseos-rpms
    size: 200998
    checksum: sha256:9ca12fe83c126e62e9ea4f45ed4a3972d833b815aa4914716564553d952fb59c
    name: jq
    evr: 1.6-19.el9
    sourcerpm: jq-1.6-19.el9.src.rpm
  - url: https://cdn-ubi.redhat.com/content/public/ubi/dist/ubi9/9/s390x/baseos/os/Packages/l/libpsl-0.21.1-5.el9.s390x.rpm
    repoid: ubi-9-baseos-rpms
    size: 67494
    checksum: sha256:7d326d8b55ac070665c9b9d4ff1a4fc6077d807b276d5e763e5da01bb90e9e68
    name: libpsl
    evr: 0.21.1-5.el9
    sourcerpm: libpsl-0.21.1-5.el9.src.rpm
  - url: https://cdn-ubi.redhat.com/content/public/ubi/dist/ubi9/9/s390x/baseos/os/Packages/m/make-4.3-8.el9.s390x.rpm
    repoid: ubi-9-baseos-rpms
    size: 553451
    checksum: sha256:09c0e578e23112cb98e2234f9587fe7b6def2ae6a4b16e6d52559d546389f4d1
    name: make
    evr: 1:4.3-8.el9
    sourcerpm: make-4.3-8.el9.src.rpm
  - url: https://cdn-ubi.redhat.com/content/public/ubi/dist/ubi9/9/s390x/baseos/os/Packages/p/publicsuffix-list-dafsa-20210518-3.el9.noarch.rpm
    repoid: ubi-9-baseos-rpms
    size: 60882
    checksum: sha256:e6ec3390a736b085f403168c512a6b2b6f8e12a8fd5a4459f1c7dbbff2b67c33
    name: publicsuffix-list-dafsa
    evr: 20210518-3.el9
    sourcerpm: publicsuffix-list-20210518-3.el9.src.rpm
  source: []
  module_metadata: []
- arch: x86_64
  packages:
  - url: https://cdn-ubi.redhat.com/content/public/ubi/dist/ubi9/9/x86_64/appstream/os/Packages/l/libxcrypt-compat-4.4.18-3.el9.x86_64.rpm
    repoid: ubi-9-appstream-rpms
    size: 93189
    checksum: sha256:2bd6c288e1970a001d3a1ae69166c0d926d9c87ce892edcb2110f4e142c12a7a
    name: libxcrypt-compat
    evr: 4.4.18-3.el9
    sourcerpm: libxcrypt-4.4.18-3.el9.src.rpm
  - url: https://cdn-ubi.redhat.com/content/public/ubi/dist/ubi9/9/x86_64/appstream/os/Packages/o/oniguruma-6.9.6-1.el9.5.x86_64.rpm
    repoid: ubi-9-appstream-rpms
    size: 226331
    checksum: sha256:6c884cc2216e5b4699ebd8cde27b39e99532520b367f645ed6cc660d081916dc
    name: oniguruma
    evr: 6.9.6-1.el9.5
    sourcerpm: oniguruma-6.9.6-1.el9.5.src.rpm
  - url: https://cdn-ubi.redhat.com/content/public/ubi/dist/ubi9/9/x86_64/appstream/os/Packages/p/python3-pip-21.3.1-1.el9.noarch.rpm
    repoid: ubi-9-appstream-rpms
    size: 2133958
    checksum: sha256:2ff41d5bbfb5bf09378a499b56d9854e9389e3a8648897426d144f4b385f8730
    name: python3-pip
    evr: 21.3.1-1.el9
    sourcerpm: python-pip-21.3.1-1.el9.src.rpm
  - url: https://cdn-ubi.redhat.com/content/public/ubi/dist/ubi9/9/x86_64/appstream/os/Packages/w/wget-1.21.1-8.el9_4.x86_64.rpm
    repoid: ubi-9-appstream-rpms
    size: 807555
    checksum: sha256:a5366a624f63487a0cfc5fc2fe15148d6c31be27c80cf00815f25324e3d0d729
    name: wget
    evr: 1.21.1-8.el9_4
    sourcerpm: wget-1.21.1-8.el9_4.src.rpm
  - url: https://cdn-ubi.redhat.com/content/public/ubi/dist/ubi9/9/x86_64/baseos/os/Packages/j/jq-1.6-19.el9.x86_64.rpm
    repoid: ubi-9-baseos-rpms
    size: 191662
    checksum: sha256:6b4d82714813d7b4a3200bf2856a3c1493d186e9caa916d7a700ec25e4996462
    name: jq
    evr: 1.6-19.el9
    sourcerpm: jq-1.6-19.el9.src.rpm
  - url: https://cdn-ubi.redhat.com/content/public/ubi/dist/ubi9/9/x86_64/baseos/os/Packages/l/libpsl-0.21.1-5.el9.x86_64.rpm
    repoid: ubi-9-baseos-rpms
    size: 67454
    checksum: sha256:ad1a62ef07682bb64a476c1a49f5cfc7abc9beb44775e7e511bf737e9a6bf99d
    name: libpsl
    evr: 0.21.1-5.el9
    sourcerpm: libpsl-0.21.1-5.el9.src.rpm
  - url: https://cdn-ubi.redhat.com/content/public/ubi/dist/ubi9/9/x86_64/baseos/os/Packages/m/make-4.3-8.el9.x86_64.rpm
    repoid: ubi-9-baseos-rpms
    size: 553896
    checksum: sha256:561f0c2251e9217c81a6c88de4d2d9231a039aaab37e8a0d2559d36ce9fa85fd
    name: make
    evr: 1:4.3-8.el9
    sourcerpm: make-4.3-8.el9.src.rpm
  - url: https://cdn-ubi.redhat.com/content/public/ubi/dist/ubi9/9/x86_64/baseos/os/Packages/p/publicsuffix-list-dafsa-20210518-3.el9.noarch.rpm
    repoid: ubi-9-baseos-rpms
    size: 60882
    checksum: sha256:e6ec3390a736b085f403168c512a6b2b6f8e12a8fd5a4459f1c7dbbff2b67c33
    name: publicsuffix-list-dafsa
    evr: 20210518-3.el9
    sourcerpm: publicsuffix-list-20210518-3.el9.src.rpm
  source: []
  module_metadata: []
